// !$*UTF8*$!
{
	archiveVersion = 1;
	classes = {
	};
	objectVersion = 50;
	objects = {

/* Begin PBXBuildFile section */
		791DBFB4205ABC6200974F57 /* Constants.swift in Sources */ = {isa = PBXBuildFile; fileRef = 791DBFB3205ABC6200974F57 /* Constants.swift */; };
		796150BC205842EC00EC8D08 /* AppDelegate.swift in Sources */ = {isa = PBXBuildFile; fileRef = 796150BB205842EC00EC8D08 /* AppDelegate.swift */; };
		796150C0205842ED00EC8D08 /* Assets.xcassets in Resources */ = {isa = PBXBuildFile; fileRef = 796150BF205842ED00EC8D08 /* Assets.xcassets */; };
		796150C3205842ED00EC8D08 /* Main.storyboard in Resources */ = {isa = PBXBuildFile; fileRef = 796150C1205842ED00EC8D08 /* Main.storyboard */; };
		796150D0205845EB00EC8D08 /* Ellipsis.jpg in Resources */ = {isa = PBXBuildFile; fileRef = 796150CF205845EB00EC8D08 /* Ellipsis.jpg */; };
		796150D2205845F200EC8D08 /* PF Summary.png in Resources */ = {isa = PBXBuildFile; fileRef = 796150D1205845F200EC8D08 /* PF Summary.png */; };
		796150D42058464100EC8D08 /* BuilderInterfaceVC.swift in Sources */ = {isa = PBXBuildFile; fileRef = 796150D32058464100EC8D08 /* BuilderInterfaceVC.swift */; };
		796150D82058469100EC8D08 /* StringExtensions.swift in Sources */ = {isa = PBXBuildFile; fileRef = 796150D72058469100EC8D08 /* StringExtensions.swift */; };
		796150DA205846A200EC8D08 /* GeneralExtensions.swift in Sources */ = {isa = PBXBuildFile; fileRef = 796150D9205846A200EC8D08 /* GeneralExtensions.swift */; };
		796150E020584FD700EC8D08 /* ChartData.swift in Sources */ = {isa = PBXBuildFile; fileRef = 796150DF20584FD700EC8D08 /* ChartData.swift */; };
/* End PBXBuildFile section */

/* Begin PBXFileReference section */
		791DBFB3205ABC6200974F57 /* Constants.swift */ = {isa = PBXFileReference; fileEncoding = 4; lastKnownFileType = sourcecode.swift; name = Constants.swift; path = "../../Chart Parsing Swift4/Chart Parsing/Constants.swift"; sourceTree = "<group>"; };
		796150B8205842EC00EC8D08 /* PTVN Builder.app */ = {isa = PBXFileReference; explicitFileType = wrapper.application; includeInIndex = 0; path = "PTVN Builder.app"; sourceTree = BUILT_PRODUCTS_DIR; };
		796150BB205842EC00EC8D08 /* AppDelegate.swift */ = {isa = PBXFileReference; lastKnownFileType = sourcecode.swift; path = AppDelegate.swift; sourceTree = "<group>"; };
		796150BF205842ED00EC8D08 /* Assets.xcassets */ = {isa = PBXFileReference; lastKnownFileType = folder.assetcatalog; path = Assets.xcassets; sourceTree = "<group>"; };
		796150C2205842ED00EC8D08 /* Base */ = {isa = PBXFileReference; lastKnownFileType = file.storyboard; name = Base; path = Base.lproj/Main.storyboard; sourceTree = "<group>"; };
		796150C4205842ED00EC8D08 /* Info.plist */ = {isa = PBXFileReference; lastKnownFileType = text.plist.xml; path = Info.plist; sourceTree = "<group>"; };
		796150C5205842ED00EC8D08 /* PTVN_Builder.entitlements */ = {isa = PBXFileReference; lastKnownFileType = text.plist.entitlements; path = PTVN_Builder.entitlements; sourceTree = "<group>"; };
		796150CF205845EB00EC8D08 /* Ellipsis.jpg */ = {isa = PBXFileReference; lastKnownFileType = image.jpeg; name = Ellipsis.jpg; path = "../../Chart Parsing Swift4/Chart Parsing/Ellipsis.jpg"; sourceTree = "<group>"; };
		796150D1205845F200EC8D08 /* PF Summary.png */ = {isa = PBXFileReference; lastKnownFileType = image.png; name = "PF Summary.png"; path = "../../Chart Parsing Swift4/Chart Parsing/PF Summary.png"; sourceTree = "<group>"; };
		796150D32058464100EC8D08 /* BuilderInterfaceVC.swift */ = {isa = PBXFileReference; lastKnownFileType = sourcecode.swift; path = BuilderInterfaceVC.swift; sourceTree = "<group>"; };
		796150D72058469100EC8D08 /* StringExtensions.swift */ = {isa = PBXFileReference; fileEncoding = 4; lastKnownFileType = sourcecode.swift; name = StringExtensions.swift; path = "../../Physical Exam 2/Physical Exam 2/StringExtensions.swift"; sourceTree = "<group>"; };
		796150D9205846A200EC8D08 /* GeneralExtensions.swift */ = {isa = PBXFileReference; fileEncoding = 4; lastKnownFileType = sourcecode.swift; name = GeneralExtensions.swift; path = "../../Physical Exam 2/Physical Exam 2/GeneralExtensions.swift"; sourceTree = "<group>"; };
		796150DF20584FD700EC8D08 /* ChartData.swift */ = {isa = PBXFileReference; lastKnownFileType = sourcecode.swift; path = ChartData.swift; sourceTree = "<group>"; };
/* End PBXFileReference section */

/* Begin PBXFrameworksBuildPhase section */
		796150B5205842EC00EC8D08 /* Frameworks */ = {
			isa = PBXFrameworksBuildPhase;
			buildActionMask = 2147483647;
			files = (
			);
			runOnlyForDeploymentPostprocessing = 0;
		};
/* End PBXFrameworksBuildPhase section */

/* Begin PBXGroup section */
		796150AF205842EC00EC8D08 = {
			isa = PBXGroup;
			children = (
				796150BA205842EC00EC8D08 /* PTVN Builder */,
				796150B9205842EC00EC8D08 /* Products */,
			);
			sourceTree = "<group>";
		};
		796150B9205842EC00EC8D08 /* Products */ = {
			isa = PBXGroup;
			children = (
				796150B8205842EC00EC8D08 /* PTVN Builder.app */,
			);
			name = Products;
			sourceTree = "<group>";
		};
		796150BA205842EC00EC8D08 /* PTVN Builder */ = {
			isa = PBXGroup;
			children = (
				796150BB205842EC00EC8D08 /* AppDelegate.swift */,
				796150D32058464100EC8D08 /* BuilderInterfaceVC.swift */,
				796150DF20584FD700EC8D08 /* ChartData.swift */,
				791DBFB3205ABC6200974F57 /* Constants.swift */,
				796150BF205842ED00EC8D08 /* Assets.xcassets */,
				796150C1205842ED00EC8D08 /* Main.storyboard */,
				796150C4205842ED00EC8D08 /* Info.plist */,
				796150C5205842ED00EC8D08 /* PTVN_Builder.entitlements */,
				796150D1205845F200EC8D08 /* PF Summary.png */,
				796150CF205845EB00EC8D08 /* Ellipsis.jpg */,
				796150D9205846A200EC8D08 /* GeneralExtensions.swift */,
				796150D72058469100EC8D08 /* StringExtensions.swift */,
			);
			path = "PTVN Builder";
			sourceTree = "<group>";
		};
/* End PBXGroup section */

/* Begin PBXNativeTarget section */
		796150B7205842EC00EC8D08 /* PTVN Builder */ = {
			isa = PBXNativeTarget;
			buildConfigurationList = 796150C8205842ED00EC8D08 /* Build configuration list for PBXNativeTarget "PTVN Builder" */;
			buildPhases = (
				796150B4205842EC00EC8D08 /* Sources */,
				796150B5205842EC00EC8D08 /* Frameworks */,
				796150B6205842EC00EC8D08 /* Resources */,
			);
			buildRules = (
			);
			dependencies = (
			);
			name = "PTVN Builder";
			productName = "PTVN Builder";
			productReference = 796150B8205842EC00EC8D08 /* PTVN Builder.app */;
			productType = "com.apple.product-type.application";
		};
/* End PBXNativeTarget section */

/* Begin PBXProject section */
		796150B0205842EC00EC8D08 /* Project object */ = {
			isa = PBXProject;
			attributes = {
				LastSwiftUpdateCheck = 0930;
				LastUpgradeCheck = 0930;
				ORGANIZATIONNAME = Fool;
				TargetAttributes = {
					796150B7205842EC00EC8D08 = {
						CreatedOnToolsVersion = 9.3;
						SystemCapabilities = {
							com.apple.Sandbox = {
								enabled = 0;
							};
						};
					};
				};
			};
			buildConfigurationList = 796150B3205842EC00EC8D08 /* Build configuration list for PBXProject "PTVN Builder" */;
			compatibilityVersion = "Xcode 9.3";
			developmentRegion = en;
			hasScannedForEncodings = 0;
			knownRegions = (
				en,
				Base,
			);
			mainGroup = 796150AF205842EC00EC8D08;
			productRefGroup = 796150B9205842EC00EC8D08 /* Products */;
			projectDirPath = "";
			projectRoot = "";
			targets = (
				796150B7205842EC00EC8D08 /* PTVN Builder */,
			);
		};
/* End PBXProject section */

/* Begin PBXResourcesBuildPhase section */
		796150B6205842EC00EC8D08 /* Resources */ = {
			isa = PBXResourcesBuildPhase;
			buildActionMask = 2147483647;
			files = (
				796150D0205845EB00EC8D08 /* Ellipsis.jpg in Resources */,
				796150D2205845F200EC8D08 /* PF Summary.png in Resources */,
				796150C0205842ED00EC8D08 /* Assets.xcassets in Resources */,
				796150C3205842ED00EC8D08 /* Main.storyboard in Resources */,
			);
			runOnlyForDeploymentPostprocessing = 0;
		};
/* End PBXResourcesBuildPhase section */

/* Begin PBXSourcesBuildPhase section */
		796150B4205842EC00EC8D08 /* Sources */ = {
			isa = PBXSourcesBuildPhase;
			buildActionMask = 2147483647;
			files = (
				796150DA205846A200EC8D08 /* GeneralExtensions.swift in Sources */,
				791DBFB4205ABC6200974F57 /* Constants.swift in Sources */,
				796150D82058469100EC8D08 /* StringExtensions.swift in Sources */,
				796150D42058464100EC8D08 /* BuilderInterfaceVC.swift in Sources */,
				796150BC205842EC00EC8D08 /* AppDelegate.swift in Sources */,
				796150E020584FD700EC8D08 /* ChartData.swift in Sources */,
			);
			runOnlyForDeploymentPostprocessing = 0;
		};
/* End PBXSourcesBuildPhase section */

/* Begin PBXVariantGroup section */
		796150C1205842ED00EC8D08 /* Main.storyboard */ = {
			isa = PBXVariantGroup;
			children = (
				796150C2205842ED00EC8D08 /* Base */,
			);
			name = Main.storyboard;
			sourceTree = "<group>";
		};
/* End PBXVariantGroup section */

/* Begin XCBuildConfiguration section */
		796150C6205842ED00EC8D08 /* Debug */ = {
			isa = XCBuildConfiguration;
			buildSettings = {
				ALWAYS_SEARCH_USER_PATHS = NO;
				CLANG_ANALYZER_NONNULL = YES;
				CLANG_ANALYZER_NUMBER_OBJECT_CONVERSION = YES_AGGRESSIVE;
				CLANG_CXX_LANGUAGE_STANDARD = "gnu++14";
				CLANG_CXX_LIBRARY = "libc++";
				CLANG_ENABLE_MODULES = YES;
				CLANG_ENABLE_OBJC_ARC = YES;
				CLANG_ENABLE_OBJC_WEAK = YES;
				CLANG_WARN_BLOCK_CAPTURE_AUTORELEASING = YES;
				CLANG_WARN_BOOL_CONVERSION = YES;
				CLANG_WARN_COMMA = YES;
				CLANG_WARN_CONSTANT_CONVERSION = YES;
				CLANG_WARN_DEPRECATED_OBJC_IMPLEMENTATIONS = YES;
				CLANG_WARN_DIRECT_OBJC_ISA_USAGE = YES_ERROR;
				CLANG_WARN_DOCUMENTATION_COMMENTS = YES;
				CLANG_WARN_EMPTY_BODY = YES;
				CLANG_WARN_ENUM_CONVERSION = YES;
				CLANG_WARN_INFINITE_RECURSION = YES;
				CLANG_WARN_INT_CONVERSION = YES;
				CLANG_WARN_NON_LITERAL_NULL_CONVERSION = YES;
				CLANG_WARN_OBJC_IMPLICIT_RETAIN_SELF = YES;
				CLANG_WARN_OBJC_LITERAL_CONVERSION = YES;
				CLANG_WARN_OBJC_ROOT_CLASS = YES_ERROR;
				CLANG_WARN_RANGE_LOOP_ANALYSIS = YES;
				CLANG_WARN_STRICT_PROTOTYPES = YES;
				CLANG_WARN_SUSPICIOUS_MOVE = YES;
				CLANG_WARN_UNGUARDED_AVAILABILITY = YES_AGGRESSIVE;
				CLANG_WARN_UNREACHABLE_CODE = YES;
				CLANG_WARN__DUPLICATE_METHOD_MATCH = YES;
				CODE_SIGN_IDENTITY = "Mac Developer";
				COPY_PHASE_STRIP = NO;
				DEBUG_INFORMATION_FORMAT = dwarf;
				ENABLE_STRICT_OBJC_MSGSEND = YES;
				ENABLE_TESTABILITY = YES;
				GCC_C_LANGUAGE_STANDARD = gnu11;
				GCC_DYNAMIC_NO_PIC = NO;
				GCC_NO_COMMON_BLOCKS = YES;
				GCC_OPTIMIZATION_LEVEL = 0;
				GCC_PREPROCESSOR_DEFINITIONS = (
					"DEBUG=1",
					"$(inherited)",
				);
				GCC_WARN_64_TO_32_BIT_CONVERSION = YES;
				GCC_WARN_ABOUT_RETURN_TYPE = YES_ERROR;
				GCC_WARN_UNDECLARED_SELECTOR = YES;
				GCC_WARN_UNINITIALIZED_AUTOS = YES_AGGRESSIVE;
				GCC_WARN_UNUSED_FUNCTION = YES;
				GCC_WARN_UNUSED_VARIABLE = YES;
				MACOSX_DEPLOYMENT_TARGET = 10.13;
				MTL_ENABLE_DEBUG_INFO = YES;
				ONLY_ACTIVE_ARCH = YES;
				SDKROOT = macosx;
				SWIFT_ACTIVE_COMPILATION_CONDITIONS = DEBUG;
				SWIFT_OPTIMIZATION_LEVEL = "-Onone";
			};
			name = Debug;
		};
		796150C7205842ED00EC8D08 /* Release */ = {
			isa = XCBuildConfiguration;
			buildSettings = {
				ALWAYS_SEARCH_USER_PATHS = NO;
				CLANG_ANALYZER_NONNULL = YES;
				CLANG_ANALYZER_NUMBER_OBJECT_CONVERSION = YES_AGGRESSIVE;
				CLANG_CXX_LANGUAGE_STANDARD = "gnu++14";
				CLANG_CXX_LIBRARY = "libc++";
				CLANG_ENABLE_MODULES = YES;
				CLANG_ENABLE_OBJC_ARC = YES;
				CLANG_ENABLE_OBJC_WEAK = YES;
				CLANG_WARN_BLOCK_CAPTURE_AUTORELEASING = YES;
				CLANG_WARN_BOOL_CONVERSION = YES;
				CLANG_WARN_COMMA = YES;
				CLANG_WARN_CONSTANT_CONVERSION = YES;
				CLANG_WARN_DEPRECATED_OBJC_IMPLEMENTATIONS = YES;
				CLANG_WARN_DIRECT_OBJC_ISA_USAGE = YES_ERROR;
				CLANG_WARN_DOCUMENTATION_COMMENTS = YES;
				CLANG_WARN_EMPTY_BODY = YES;
				CLANG_WARN_ENUM_CONVERSION = YES;
				CLANG_WARN_INFINITE_RECURSION = YES;
				CLANG_WARN_INT_CONVERSION = YES;
				CLANG_WARN_NON_LITERAL_NULL_CONVERSION = YES;
				CLANG_WARN_OBJC_IMPLICIT_RETAIN_SELF = YES;
				CLANG_WARN_OBJC_LITERAL_CONVERSION = YES;
				CLANG_WARN_OBJC_ROOT_CLASS = YES_ERROR;
				CLANG_WARN_RANGE_LOOP_ANALYSIS = YES;
				CLANG_WARN_STRICT_PROTOTYPES = YES;
				CLANG_WARN_SUSPICIOUS_MOVE = YES;
				CLANG_WARN_UNGUARDED_AVAILABILITY = YES_AGGRESSIVE;
				CLANG_WARN_UNREACHABLE_CODE = YES;
				CLANG_WARN__DUPLICATE_METHOD_MATCH = YES;
				CODE_SIGN_IDENTITY = "Mac Developer";
				COPY_PHASE_STRIP = NO;
				DEBUG_INFORMATION_FORMAT = "dwarf-with-dsym";
				ENABLE_NS_ASSERTIONS = NO;
				ENABLE_STRICT_OBJC_MSGSEND = YES;
				GCC_C_LANGUAGE_STANDARD = gnu11;
				GCC_NO_COMMON_BLOCKS = YES;
				GCC_WARN_64_TO_32_BIT_CONVERSION = YES;
				GCC_WARN_ABOUT_RETURN_TYPE = YES_ERROR;
				GCC_WARN_UNDECLARED_SELECTOR = YES;
				GCC_WARN_UNINITIALIZED_AUTOS = YES_AGGRESSIVE;
				GCC_WARN_UNUSED_FUNCTION = YES;
				GCC_WARN_UNUSED_VARIABLE = YES;
				MACOSX_DEPLOYMENT_TARGET = 10.13;
				MTL_ENABLE_DEBUG_INFO = NO;
				SDKROOT = macosx;
				SWIFT_COMPILATION_MODE = wholemodule;
				SWIFT_OPTIMIZATION_LEVEL = "-O";
			};
			name = Release;
		};
		796150C9205842ED00EC8D08 /* Debug */ = {
			isa = XCBuildConfiguration;
			buildSettings = {
				ASSETCATALOG_COMPILER_APPICON_NAME = AppIcon;
				CODE_SIGN_STYLE = Automatic;
				COMBINE_HIDPI_IMAGES = YES;
				DEVELOPMENT_TEAM = VY6BVT84SC;
				INFOPLIST_FILE = "PTVN Builder/Info.plist";
				LD_RUNPATH_SEARCH_PATHS = (
					"$(inherited)",
					"@executable_path/../Frameworks",
				);
				MACOSX_DEPLOYMENT_TARGET = 10.11;
				PRODUCT_BUNDLE_IDENTIFIER = "com.fulgentwake.PTVN-Builder";
				PRODUCT_NAME = "$(TARGET_NAME)";
				SWIFT_VERSION = 4.0;
			};
			name = Debug;
		};
		796150CA205842ED00EC8D08 /* Release */ = {
			isa = XCBuildConfiguration;
			buildSettings = {
				ASSETCATALOG_COMPILER_APPICON_NAME = AppIcon;
				CODE_SIGN_STYLE = Automatic;
				COMBINE_HIDPI_IMAGES = YES;
				DEVELOPMENT_TEAM = VY6BVT84SC;
				INFOPLIST_FILE = "PTVN Builder/Info.plist";
				LD_RUNPATH_SEARCH_PATHS = (
					"$(inherited)",
					"@executable_path/../Frameworks",
				);
				MACOSX_DEPLOYMENT_TARGET = 10.11;
				PRODUCT_BUNDLE_IDENTIFIER = "com.fulgentwake.PTVN-Builder";
				PRODUCT_NAME = "$(TARGET_NAME)";
				SWIFT_VERSION = 4.0;
			};
			name = Release;
		};
/* End XCBuildConfiguration section */

/* Begin XCConfigurationList section */
		796150B3205842EC00EC8D08 /* Build configuration list for PBXProject "PTVN Builder" */ = {
			isa = XCConfigurationList;
			buildConfigurations = (
				796150C6205842ED00EC8D08 /* Debug */,
				796150C7205842ED00EC8D08 /* Release */,
			);
			defaultConfigurationIsVisible = 0;
			defaultConfigurationName = Release;
		};
		796150C8205842ED00EC8D08 /* Build configuration list for PBXNativeTarget "PTVN Builder" */ = {
			isa = XCConfigurationList;
			buildConfigurations = (
				796150C9205842ED00EC8D08 /* Debug */,
				796150CA205842ED00EC8D08 /* Release */,
			);
			defaultConfigurationIsVisible = 0;
			defaultConfigurationName = Release;
		};
/* End XCConfigurationList section */
	};
	rootObject = 796150B0205842EC00EC8D08 /* Project object */;
}
